{
  "pins" : [
    {
      "identity" : "panmodal",
      "kind" : "remoteSourceControl",
      "location" : "https://github.com/slackhq/PanModal.git",
      "state" : {
        "revision" : "b012aecb6b67a8e46369227f893c12544846613f",
        "version" : "1.2.7"
      }
    },
    {
      "identity" : "snapkit",
      "kind" : "remoteSourceControl",
      "location" : "https://github.com/SnapKit/SnapKit.git",
      "state" : {
        "branch" : "develop",
        "revision" : "07c5d1f6044701d97e94dc11157259e8811977be"
      }
    }
  ],
  "version" : 2
}
